
Microsoft Visual Studio Solution File, Format Version 12.00
# Visual Studio Version 16
VisualStudioVersion = 16.0.32602.290
MinimumVisualStudioVersion = 10.0.40219.1
Project("{FAE04EC0-301F-11D3-BF4B-00C04F79EFBC}") = "Tema3-Mosaico", "Tema3-Mosaico\Tema3-Mosaico.csproj", "{46DE284E-6549-4CFD-9014-4E96AFAE2BF9}"
EndProject
Global
	GlobalSection(SolutionConfigurationPlatforms) = preSolution
		Debug|Any CPU = Debug|Any CPU
		Release|Any CPU = Release|Any CPU
	EndGlobalSection
	GlobalSection(ProjectConfigurationPlatforms) = postSolution
		{46DE284E-6549-4CFD-9014-4E96AFAE2BF9}.Debug|Any CPU.ActiveCfg = Debug|Any CPU
		{46DE284E-6549-4CFD-9014-4E96AFAE2BF9}.Debug|Any CPU.Build.0 = Debug|Any CPU
		{46DE284E-6549-4CFD-9014-4E96AFAE2BF9}.Release|Any CPU.ActiveCfg = Release|Any CPU
		{46DE284E-6549-4CFD-9014-4E96AFAE2BF9}.Release|Any CPU.Build.0 = Release|Any CPU
	EndGlobalSection
	GlobalSection(SolutionProperties) = preSolution
		HideSolutionNode = FALSE
	EndGlobalSection
	GlobalSection(ExtensibilityGlobals) = postSolution
		SolutionGuid = {F4FDF130-0A31-4EB8-8A5B-22EA5AB1E249}
	EndGlobalSection
EndGlobal
